
Microsoft Visual Studio Solution File, Format Version 12.00
# Visual Studio Version 16
VisualStudioVersion = 16.0.30804.86
MinimumVisualStudioVersion = 10.0.40219.1
Project("{FAE04EC0-301F-11D3-BF4B-00C04F79EFBC}") = "NBPCurrencyService", "NBPCurrencyService\NBPCurrencyService.csproj", "{BE719110-5347-41EB-96FF-8B478C551BE5}"
EndProject
Global
	GlobalSection(SolutionConfigurationPlatforms) = preSolution
		Debug|Any CPU = Debug|Any CPU
		Release|Any CPU = Release|Any CPU
	EndGlobalSection
	GlobalSection(ProjectConfigurationPlatforms) = postSolution
		{BE719110-5347-41EB-96FF-8B478C551BE5}.Debug|Any CPU.ActiveCfg = Debug|Any CPU
		{BE719110-5347-41EB-96FF-8B478C551BE5}.Debug|Any CPU.Build.0 = Debug|Any CPU
		{BE719110-5347-41EB-96FF-8B478C551BE5}.Release|Any CPU.ActiveCfg = Release|Any CPU
		{BE719110-5347-41EB-96FF-8B478C551BE5}.Release|Any CPU.Build.0 = Release|Any CPU
	EndGlobalSection
	GlobalSection(SolutionProperties) = preSolution
		HideSolutionNode = FALSE
	EndGlobalSection
	GlobalSection(ExtensibilityGlobals) = postSolution
		SolutionGuid = {2DEA2BDD-90FC-4BCD-AC80-C6A7FFA8866F}
	EndGlobalSection
EndGlobal
